github.com/pneumaticdeath/golife v0.0.0-20241226011906-35134acf0348 h1:b4Q5feieXWqOcYjX55wc9DVPDNP1Sg6gphT8tiaQz5w=
github.com/pneumaticdeath/golife v0.0.0-20241226011906-35134acf0348/go.mod h1:hJ5L8bEagBzNXpGdWzIOO6gfDEpkkR2dEuop9jJCsYo=
github.com/pneumaticdeath/golife v0.0.4 h1:eViqqaBeD3uC4gju4Hg6HEby6vhdC7h51jf5SjzSj84=
github.com/pneumaticdeath/golife v0.0.4/go.mod h1:hJ5L8bEagBzNXpGdWzIOO6gfDEpkkR2dEuop9jJCsYo=
