github.com/pneumaticdeath/golife v0.0.0-20241222221529-50b6a7134212 h1:D8RUdz3YEvEzXNvLKcnG5IRuzbVqfFlpP7iIo5uOgms=
github.com/pneumaticdeath/golife v0.0.0-20241222221529-50b6a7134212/go.mod h1:hJ5L8bEagBzNXpGdWzIOO6gfDEpkkR2dEuop9jJCsYo=
github.com/pneumaticdeath/golife v0.0.0-20241223174110-5a0315452037 h1:6Qy0SZPQnVEqcGSq9CmjjEvCJ9BqAIblYSUMR6wHqds=
github.com/pneumaticdeath/golife v0.0.0-20241223174110-5a0315452037/go.mod h1:hJ5L8bEagBzNXpGdWzIOO6gfDEpkkR2dEuop9jJCsYo=
